
Microsoft Visual Studio Solution File, Format Version 12.00
# Visual Studio Version 16
VisualStudioVersion = 16.0.31613.86
MinimumVisualStudioVersion = 10.0.40219.1
Project("{FAE04EC0-301F-11D3-BF4B-00C04F79EFBC}") = "qshDownloader", "qshDownloader.csproj", "{59B8C002-0CFA-4C7C-9431-37E9913C00D7}"
EndProject
Global
	GlobalSection(SolutionConfigurationPlatforms) = preSolution
		Debug|Any CPU = Debug|Any CPU
		Release|Any CPU = Release|Any CPU
	EndGlobalSection
	GlobalSection(ProjectConfigurationPlatforms) = postSolution
		{59B8C002-0CFA-4C7C-9431-37E9913C00D7}.Debug|Any CPU.ActiveCfg = Debug|Any CPU
		{59B8C002-0CFA-4C7C-9431-37E9913C00D7}.Debug|Any CPU.Build.0 = Debug|Any CPU
		{59B8C002-0CFA-4C7C-9431-37E9913C00D7}.Release|Any CPU.ActiveCfg = Release|Any CPU
		{59B8C002-0CFA-4C7C-9431-37E9913C00D7}.Release|Any CPU.Build.0 = Release|Any CPU
	EndGlobalSection
	GlobalSection(SolutionProperties) = preSolution
		HideSolutionNode = FALSE
	EndGlobalSection
	GlobalSection(ExtensibilityGlobals) = postSolution
		SolutionGuid = {5174E45C-338E-47C9-B803-4DE96B543331}
	EndGlobalSection
EndGlobal
